
Microsoft Visual Studio Solution File, Format Version 12.00
# Visual Studio 2013
VisualStudioVersion = 12.0.31101.0
MinimumVisualStudioVersion = 10.0.40219.1
Project("{FAE04EC0-301F-11D3-BF4B-00C04F79EFBC}") = "webapi.spa.app", "webapi.spa.app\webapi.spa.app.csproj", "{6E4AADF3-2A75-4976-B6B3-D71198907B0B}"
EndProject
Global
	GlobalSection(SolutionConfigurationPlatforms) = preSolution
		Debug|Any CPU = Debug|Any CPU
		Release|Any CPU = Release|Any CPU
	EndGlobalSection
	GlobalSection(ProjectConfigurationPlatforms) = postSolution
		{6E4AADF3-2A75-4976-B6B3-D71198907B0B}.Debug|Any CPU.ActiveCfg = Debug|Any CPU
		{6E4AADF3-2A75-4976-B6B3-D71198907B0B}.Debug|Any CPU.Build.0 = Debug|Any CPU
		{6E4AADF3-2A75-4976-B6B3-D71198907B0B}.Release|Any CPU.ActiveCfg = Release|Any CPU
		{6E4AADF3-2A75-4976-B6B3-D71198907B0B}.Release|Any CPU.Build.0 = Release|Any CPU
	EndGlobalSection
	GlobalSection(SolutionProperties) = preSolution
		HideSolutionNode = FALSE
	EndGlobalSection
EndGlobal
